// !$*UTF8*$!
{
	archiveVersion = 1;
	classes = {
	};
	objectVersion = 56;
	objects = {

/* Begin PBXBuildFile section */
		62778E862AB4E885008C55A0 /* AppDelegate.swift in Sources */ = {isa = PBXBuildFile; fileRef = 62778E852AB4E885008C55A0 /* AppDelegate.swift */; };
		62778E882AB4E885008C55A0 /* SceneDelegate.swift in Sources */ = {isa = PBXBuildFile; fileRef = 62778E872AB4E885008C55A0 /* SceneDelegate.swift */; };
		62778E8D2AB4E885008C55A0 /* Main.storyboard in Resources */ = {isa = PBXBuildFile; fileRef = 62778E8B2AB4E885008C55A0 /* Main.storyboard */; };
		62778E8F2AB4E886008C55A0 /* Assets.xcassets in Resources */ = {isa = PBXBuildFile; fileRef = 62778E8E2AB4E886008C55A0 /* Assets.xcassets */; };
		62778E922AB4E886008C55A0 /* LaunchScreen.storyboard in Resources */ = {isa = PBXBuildFile; fileRef = 62778E902AB4E886008C55A0 /* LaunchScreen.storyboard */; };
		62778E9F2AB4EAAF008C55A0 /* Theme.swift in Sources */ = {isa = PBXBuildFile; fileRef = 62778E9E2AB4EAAF008C55A0 /* Theme.swift */; };
		62778EA12AB4EB35008C55A0 /* LoginPageViewController.swift in Sources */ = {isa = PBXBuildFile; fileRef = 62778EA02AB4EB35008C55A0 /* LoginPageViewController.swift */; };
		62778EA32AB4F6E9008C55A0 /* NetworkManager.swift in Sources */ = {isa = PBXBuildFile; fileRef = 62778EA22AB4F6E9008C55A0 /* NetworkManager.swift */; };
		62778EA52AB4F70E008C55A0 /* LoginResponseModel.swift in Sources */ = {isa = PBXBuildFile; fileRef = 62778EA42AB4F70E008C55A0 /* LoginResponseModel.swift */; };
		62778EA72AB5001E008C55A0 /* PortfolioViewController.swift in Sources */ = {isa = PBXBuildFile; fileRef = 62778EA62AB5001E008C55A0 /* PortfolioViewController.swift */; };
		62778EA92AB5D5EE008C55A0 /* PortfolioResponseModel.swift in Sources */ = {isa = PBXBuildFile; fileRef = 62778EA82AB5D5EE008C55A0 /* PortfolioResponseModel.swift */; };
		62778EAB2AB6097B008C55A0 /* PortfolioTableViewCell.swift in Sources */ = {isa = PBXBuildFile; fileRef = 62778EAA2AB6097B008C55A0 /* PortfolioTableViewCell.swift */; };
		62778EB02AB64347008C55A0 /* PortfolioTableHeaderView.swift in Sources */ = {isa = PBXBuildFile; fileRef = 62778EAF2AB64347008C55A0 /* PortfolioTableHeaderView.swift */; };
/* End PBXBuildFile section */

/* Begin PBXFileReference section */
		62778E822AB4E885008C55A0 /* Trader.app */ = {isa = PBXFileReference; explicitFileType = wrapper.application; includeInIndex = 0; path = Trader.app; sourceTree = BUILT_PRODUCTS_DIR; };
		62778E852AB4E885008C55A0 /* AppDelegate.swift */ = {isa = PBXFileReference; lastKnownFileType = sourcecode.swift; path = AppDelegate.swift; sourceTree = "<group>"; };
		62778E872AB4E885008C55A0 /* SceneDelegate.swift */ = {isa = PBXFileReference; lastKnownFileType = sourcecode.swift; path = SceneDelegate.swift; sourceTree = "<group>"; };
		62778E8C2AB4E885008C55A0 /* Base */ = {isa = PBXFileReference; lastKnownFileType = file.storyboard; name = Base; path = Base.lproj/Main.storyboard; sourceTree = "<group>"; };
		62778E8E2AB4E886008C55A0 /* Assets.xcassets */ = {isa = PBXFileReference; lastKnownFileType = folder.assetcatalog; path = Assets.xcassets; sourceTree = "<group>"; };
		62778E912AB4E886008C55A0 /* Base */ = {isa = PBXFileReference; lastKnownFileType = file.storyboard; name = Base; path = Base.lproj/LaunchScreen.storyboard; sourceTree = "<group>"; };
		62778E932AB4E886008C55A0 /* Info.plist */ = {isa = PBXFileReference; lastKnownFileType = text.plist.xml; path = Info.plist; sourceTree = "<group>"; };
		62778E9E2AB4EAAF008C55A0 /* Theme.swift */ = {isa = PBXFileReference; lastKnownFileType = sourcecode.swift; path = Theme.swift; sourceTree = "<group>"; };
		62778EA02AB4EB35008C55A0 /* LoginPageViewController.swift */ = {isa = PBXFileReference; lastKnownFileType = sourcecode.swift; path = LoginPageViewController.swift; sourceTree = "<group>"; };
		62778EA22AB4F6E9008C55A0 /* NetworkManager.swift */ = {isa = PBXFileReference; lastKnownFileType = sourcecode.swift; path = NetworkManager.swift; sourceTree = "<group>"; };
		62778EA42AB4F70E008C55A0 /* LoginResponseModel.swift */ = {isa = PBXFileReference; lastKnownFileType = sourcecode.swift; path = LoginResponseModel.swift; sourceTree = "<group>"; };
		62778EA62AB5001E008C55A0 /* PortfolioViewController.swift */ = {isa = PBXFileReference; lastKnownFileType = sourcecode.swift; path = PortfolioViewController.swift; sourceTree = "<group>"; };
		62778EA82AB5D5EE008C55A0 /* PortfolioResponseModel.swift */ = {isa = PBXFileReference; lastKnownFileType = sourcecode.swift; path = PortfolioResponseModel.swift; sourceTree = "<group>"; };
		62778EAA2AB6097B008C55A0 /* PortfolioTableViewCell.swift */ = {isa = PBXFileReference; lastKnownFileType = sourcecode.swift; path = PortfolioTableViewCell.swift; sourceTree = "<group>"; };
		62778EAF2AB64347008C55A0 /* PortfolioTableHeaderView.swift */ = {isa = PBXFileReference; lastKnownFileType = sourcecode.swift; path = PortfolioTableHeaderView.swift; sourceTree = "<group>"; };
/* End PBXFileReference section */

/* Begin PBXFrameworksBuildPhase section */
		62778E7F2AB4E885008C55A0 /* Frameworks */ = {
			isa = PBXFrameworksBuildPhase;
			buildActionMask = 2147483647;
			files = (
			);
			runOnlyForDeploymentPostprocessing = 0;
		};
/* End PBXFrameworksBuildPhase section */

/* Begin PBXGroup section */
		62778E792AB4E885008C55A0 = {
			isa = PBXGroup;
			children = (
				62778E842AB4E885008C55A0 /* Trader */,
				62778E832AB4E885008C55A0 /* Products */,
			);
			sourceTree = "<group>";
		};
		62778E832AB4E885008C55A0 /* Products */ = {
			isa = PBXGroup;
			children = (
				62778E822AB4E885008C55A0 /* Trader.app */,
			);
			name = Products;
			sourceTree = "<group>";
		};
		62778E842AB4E885008C55A0 /* Trader */ = {
			isa = PBXGroup;
			children = (
				62778E9D2AB4E94C008C55A0 /* Utilities */,
				62778E9C2AB4E93D008C55A0 /* Network */,
				62778E9B2AB4E92F008C55A0 /* Controllers */,
				62778E9A2AB4E922008C55A0 /* Views */,
				62778E992AB4E913008C55A0 /* Models */,
				62778E852AB4E885008C55A0 /* AppDelegate.swift */,
				62778E872AB4E885008C55A0 /* SceneDelegate.swift */,
				62778E8B2AB4E885008C55A0 /* Main.storyboard */,
				62778E8E2AB4E886008C55A0 /* Assets.xcassets */,
				62778E902AB4E886008C55A0 /* LaunchScreen.storyboard */,
				62778E932AB4E886008C55A0 /* Info.plist */,
			);
			path = Trader;
			sourceTree = "<group>";
		};
		62778E992AB4E913008C55A0 /* Models */ = {
			isa = PBXGroup;
			children = (
				62778EA42AB4F70E008C55A0 /* LoginResponseModel.swift */,
				62778EA82AB5D5EE008C55A0 /* PortfolioResponseModel.swift */,
				62778EAA2AB6097B008C55A0 /* PortfolioTableViewCell.swift */,
			);
			path = Models;
			sourceTree = "<group>";
		};
		62778E9A2AB4E922008C55A0 /* Views */ = {
			isa = PBXGroup;
			children = (
				62778EAF2AB64347008C55A0 /* PortfolioTableHeaderView.swift */,
			);
			path = Views;
			sourceTree = "<group>";
		};
		62778E9B2AB4E92F008C55A0 /* Controllers */ = {
			isa = PBXGroup;
			children = (
				62778EA02AB4EB35008C55A0 /* LoginPageViewController.swift */,
				62778EA62AB5001E008C55A0 /* PortfolioViewController.swift */,
			);
			path = Controllers;
			sourceTree = "<group>";
		};
		62778E9C2AB4E93D008C55A0 /* Network */ = {
			isa = PBXGroup;
			children = (
				62778EA22AB4F6E9008C55A0 /* NetworkManager.swift */,
			);
			path = Network;
			sourceTree = "<group>";
		};
		62778E9D2AB4E94C008C55A0 /* Utilities */ = {
			isa = PBXGroup;
			children = (
				62778E9E2AB4EAAF008C55A0 /* Theme.swift */,
			);
			path = Utilities;
			sourceTree = "<group>";
		};
/* End PBXGroup section */

/* Begin PBXNativeTarget section */
		62778E812AB4E885008C55A0 /* Trader */ = {
			isa = PBXNativeTarget;
			buildConfigurationList = 62778E962AB4E886008C55A0 /* Build configuration list for PBXNativeTarget "Trader" */;
			buildPhases = (
				62778E7E2AB4E885008C55A0 /* Sources */,
				62778E7F2AB4E885008C55A0 /* Frameworks */,
				62778E802AB4E885008C55A0 /* Resources */,
			);
			buildRules = (
			);
			dependencies = (
			);
			name = Trader;
			productName = Trader;
			productReference = 62778E822AB4E885008C55A0 /* Trader.app */;
			productType = "com.apple.product-type.application";
		};
/* End PBXNativeTarget section */

/* Begin PBXProject section */
		62778E7A2AB4E885008C55A0 /* Project object */ = {
			isa = PBXProject;
			attributes = {
				BuildIndependentTargetsInParallel = 1;
				LastSwiftUpdateCheck = 1430;
				LastUpgradeCheck = 1430;
				TargetAttributes = {
					62778E812AB4E885008C55A0 = {
						CreatedOnToolsVersion = 14.3.1;
					};
				};
			};
			buildConfigurationList = 62778E7D2AB4E885008C55A0 /* Build configuration list for PBXProject "Trader" */;
			compatibilityVersion = "Xcode 14.0";
			developmentRegion = en;
			hasScannedForEncodings = 0;
			knownRegions = (
				en,
				Base,
			);
			mainGroup = 62778E792AB4E885008C55A0;
			productRefGroup = 62778E832AB4E885008C55A0 /* Products */;
			projectDirPath = "";
			projectRoot = "";
			targets = (
				62778E812AB4E885008C55A0 /* Trader */,
			);
		};
/* End PBXProject section */

/* Begin PBXResourcesBuildPhase section */
		62778E802AB4E885008C55A0 /* Resources */ = {
			isa = PBXResourcesBuildPhase;
			buildActionMask = 2147483647;
			files = (
				62778E922AB4E886008C55A0 /* LaunchScreen.storyboard in Resources */,
				62778E8F2AB4E886008C55A0 /* Assets.xcassets in Resources */,
				62778E8D2AB4E885008C55A0 /* Main.storyboard in Resources */,
			);
			runOnlyForDeploymentPostprocessing = 0;
		};
/* End PBXResourcesBuildPhase section */

/* Begin PBXSourcesBuildPhase section */
		62778E7E2AB4E885008C55A0 /* Sources */ = {
			isa = PBXSourcesBuildPhase;
			buildActionMask = 2147483647;
			files = (
				62778EA52AB4F70E008C55A0 /* LoginResponseModel.swift in Sources */,
				62778E9F2AB4EAAF008C55A0 /* Theme.swift in Sources */,
				62778E862AB4E885008C55A0 /* AppDelegate.swift in Sources */,
				62778EB02AB64347008C55A0 /* PortfolioTableHeaderView.swift in Sources */,
				62778EA32AB4F6E9008C55A0 /* NetworkManager.swift in Sources */,
				62778EA12AB4EB35008C55A0 /* LoginPageViewController.swift in Sources */,
				62778EA92AB5D5EE008C55A0 /* PortfolioResponseModel.swift in Sources */,
				62778EA72AB5001E008C55A0 /* PortfolioViewController.swift in Sources */,
				62778EAB2AB6097B008C55A0 /* PortfolioTableViewCell.swift in Sources */,
				62778E882AB4E885008C55A0 /* SceneDelegate.swift in Sources */,
			);
			runOnlyForDeploymentPostprocessing = 0;
		};
/* End PBXSourcesBuildPhase section */

/* Begin PBXVariantGroup section */
		62778E8B2AB4E885008C55A0 /* Main.storyboard */ = {
			isa = PBXVariantGroup;
			children = (
				62778E8C2AB4E885008C55A0 /* Base */,
			);
			name = Main.storyboard;
			sourceTree = "<group>";
		};
		62778E902AB4E886008C55A0 /* LaunchScreen.storyboard */ = {
			isa = PBXVariantGroup;
			children = (
				62778E912AB4E886008C55A0 /* Base */,
			);
			name = LaunchScreen.storyboard;
			sourceTree = "<group>";
		};
/* End PBXVariantGroup section */

/* Begin XCBuildConfiguration section */
		62778E942AB4E886008C55A0 /* Debug */ = {
			isa = XCBuildConfiguration;
			buildSettings = {
				ALWAYS_SEARCH_USER_PATHS = NO;
				CLANG_ANALYZER_NONNULL = YES;
				CLANG_ANALYZER_NUMBER_OBJECT_CONVERSION = YES_AGGRESSIVE;
				CLANG_CXX_LANGUAGE_STANDARD = "gnu++20";
				CLANG_ENABLE_MODULES = YES;
				CLANG_ENABLE_OBJC_ARC = YES;
				CLANG_ENABLE_OBJC_WEAK = YES;
				CLANG_WARN_BLOCK_CAPTURE_AUTORELEASING = YES;
				CLANG_WARN_BOOL_CONVERSION = YES;
				CLANG_WARN_COMMA = YES;
				CLANG_WARN_CONSTANT_CONVERSION = YES;
				CLANG_WARN_DEPRECATED_OBJC_IMPLEMENTATIONS = YES;
				CLANG_WARN_DIRECT_OBJC_ISA_USAGE = YES_ERROR;
				CLANG_WARN_DOCUMENTATION_COMMENTS = YES;
				CLANG_WARN_EMPTY_BODY = YES;
				CLANG_WARN_ENUM_CONVERSION = YES;
				CLANG_WARN_INFINITE_RECURSION = YES;
				CLANG_WARN_INT_CONVERSION = YES;
				CLANG_WARN_NON_LITERAL_NULL_CONVERSION = YES;
				CLANG_WARN_OBJC_IMPLICIT_RETAIN_SELF = YES;
				CLANG_WARN_OBJC_LITERAL_CONVERSION = YES;
				CLANG_WARN_OBJC_ROOT_CLASS = YES_ERROR;
				CLANG_WARN_QUOTED_INCLUDE_IN_FRAMEWORK_HEADER = YES;
				CLANG_WARN_RANGE_LOOP_ANALYSIS = YES;
				CLANG_WARN_STRICT_PROTOTYPES = YES;
				CLANG_WARN_SUSPICIOUS_MOVE = YES;
				CLANG_WARN_UNGUARDED_AVAILABILITY = YES_AGGRESSIVE;
				CLANG_WARN_UNREACHABLE_CODE = YES;
				CLANG_WARN__DUPLICATE_METHOD_MATCH = YES;
				COPY_PHASE_STRIP = NO;
				DEBUG_INFORMATION_FORMAT = dwarf;
				ENABLE_STRICT_OBJC_MSGSEND = YES;
				ENABLE_TESTABILITY = YES;
				GCC_C_LANGUAGE_STANDARD = gnu11;
				GCC_DYNAMIC_NO_PIC = NO;
				GCC_NO_COMMON_BLOCKS = YES;
				GCC_OPTIMIZATION_LEVEL = 0;
				GCC_PREPROCESSOR_DEFINITIONS = (
					"DEBUG=1",
					"$(inherited)",
				);
				GCC_WARN_64_TO_32_BIT_CONVERSION = YES;
				GCC_WARN_ABOUT_RETURN_TYPE = YES_ERROR;
				GCC_WARN_UNDECLARED_SELECTOR = YES;
				GCC_WARN_UNINITIALIZED_AUTOS = YES_AGGRESSIVE;
				GCC_WARN_UNUSED_FUNCTION = YES;
				GCC_WARN_UNUSED_VARIABLE = YES;
				IPHONEOS_DEPLOYMENT_TARGET = 16.4;
				MTL_ENABLE_DEBUG_INFO = INCLUDE_SOURCE;
				MTL_FAST_MATH = YES;
				ONLY_ACTIVE_ARCH = YES;
				SDKROOT = iphoneos;
				SWIFT_ACTIVE_COMPILATION_CONDITIONS = DEBUG;
				SWIFT_OPTIMIZATION_LEVEL = "-Onone";
			};
			name = Debug;
		};
		62778E952AB4E886008C55A0 /* Release */ = {
			isa = XCBuildConfiguration;
			buildSettings = {
				ALWAYS_SEARCH_USER_PATHS = NO;
				CLANG_ANALYZER_NONNULL = YES;
				CLANG_ANALYZER_NUMBER_OBJECT_CONVERSION = YES_AGGRESSIVE;
				CLANG_CXX_LANGUAGE_STANDARD = "gnu++20";
				CLANG_ENABLE_MODULES = YES;
				CLANG_ENABLE_OBJC_ARC = YES;
				CLANG_ENABLE_OBJC_WEAK = YES;
				CLANG_WARN_BLOCK_CAPTURE_AUTORELEASING = YES;
				CLANG_WARN_BOOL_CONVERSION = YES;
				CLANG_WARN_COMMA = YES;
				CLANG_WARN_CONSTANT_CONVERSION = YES;
				CLANG_WARN_DEPRECATED_OBJC_IMPLEMENTATIONS = YES;
				CLANG_WARN_DIRECT_OBJC_ISA_USAGE = YES_ERROR;
				CLANG_WARN_DOCUMENTATION_COMMENTS = YES;
				CLANG_WARN_EMPTY_BODY = YES;
				CLANG_WARN_ENUM_CONVERSION = YES;
				CLANG_WARN_INFINITE_RECURSION = YES;
				CLANG_WARN_INT_CONVERSION = YES;
				CLANG_WARN_NON_LITERAL_NULL_CONVERSION = YES;
				CLANG_WARN_OBJC_IMPLICIT_RETAIN_SELF = YES;
				CLANG_WARN_OBJC_LITERAL_CONVERSION = YES;
				CLANG_WARN_OBJC_ROOT_CLASS = YES_ERROR;
				CLANG_WARN_QUOTED_INCLUDE_IN_FRAMEWORK_HEADER = YES;
				CLANG_WARN_RANGE_LOOP_ANALYSIS = YES;
				CLANG_WARN_STRICT_PROTOTYPES = YES;
				CLANG_WARN_SUSPICIOUS_MOVE = YES;
				CLANG_WARN_UNGUARDED_AVAILABILITY = YES_AGGRESSIVE;
				CLANG_WARN_UNREACHABLE_CODE = YES;
				CLANG_WARN__DUPLICATE_METHOD_MATCH = YES;
				COPY_PHASE_STRIP = NO;
				DEBUG_INFORMATION_FORMAT = "dwarf-with-dsym";
				ENABLE_NS_ASSERTIONS = NO;
				ENABLE_STRICT_OBJC_MSGSEND = YES;
				GCC_C_LANGUAGE_STANDARD = gnu11;
				GCC_NO_COMMON_BLOCKS = YES;
				GCC_WARN_64_TO_32_BIT_CONVERSION = YES;
				GCC_WARN_ABOUT_RETURN_TYPE = YES_ERROR;
				GCC_WARN_UNDECLARED_SELECTOR = YES;
				GCC_WARN_UNINITIALIZED_AUTOS = YES_AGGRESSIVE;
				GCC_WARN_UNUSED_FUNCTION = YES;
				GCC_WARN_UNUSED_VARIABLE = YES;
				IPHONEOS_DEPLOYMENT_TARGET = 16.4;
				MTL_ENABLE_DEBUG_INFO = NO;
				MTL_FAST_MATH = YES;
				SDKROOT = iphoneos;
				SWIFT_COMPILATION_MODE = wholemodule;
				SWIFT_OPTIMIZATION_LEVEL = "-O";
				VALIDATE_PRODUCT = YES;
			};
			name = Release;
		};
		62778E972AB4E886008C55A0 /* Debug */ = {
			isa = XCBuildConfiguration;
			buildSettings = {
				ASSETCATALOG_COMPILER_APPICON_NAME = AppIcon;
				ASSETCATALOG_COMPILER_GLOBAL_ACCENT_COLOR_NAME = AccentColor;
				CODE_SIGN_STYLE = Automatic;
				CURRENT_PROJECT_VERSION = 1;
				GENERATE_INFOPLIST_FILE = YES;
				INFOPLIST_FILE = Trader/Info.plist;
				INFOPLIST_KEY_UIApplicationSupportsIndirectInputEvents = YES;
				INFOPLIST_KEY_UILaunchStoryboardName = LaunchScreen;
				INFOPLIST_KEY_UIMainStoryboardFile = Main;
				INFOPLIST_KEY_UISupportedInterfaceOrientations_iPad = "UIInterfaceOrientationPortrait UIInterfaceOrientationPortraitUpsideDown UIInterfaceOrientationLandscapeLeft UIInterfaceOrientationLandscapeRight";
				INFOPLIST_KEY_UISupportedInterfaceOrientations_iPhone = "UIInterfaceOrientationPortrait UIInterfaceOrientationLandscapeLeft UIInterfaceOrientationLandscapeRight";
				LD_RUNPATH_SEARCH_PATHS = (
					"$(inherited)",
					"@executable_path/Frameworks",
				);
				MARKETING_VERSION = 1.0;
				PRODUCT_BUNDLE_IDENTIFIER = ncancay.Trader;
				PRODUCT_NAME = "$(TARGET_NAME)";
				SWIFT_EMIT_LOC_STRINGS = YES;
				SWIFT_VERSION = 5.0;
				TARGETED_DEVICE_FAMILY = "1,2";
			};
			name = Debug;
		};
		62778E982AB4E886008C55A0 /* Release */ = {
			isa = XCBuildConfiguration;
			buildSettings = {
				ASSETCATALOG_COMPILER_APPICON_NAME = AppIcon;
				ASSETCATALOG_COMPILER_GLOBAL_ACCENT_COLOR_NAME = AccentColor;
				CODE_SIGN_STYLE = Automatic;
				CURRENT_PROJECT_VERSION = 1;
				GENERATE_INFOPLIST_FILE = YES;
				INFOPLIST_FILE = Trader/Info.plist;
				INFOPLIST_KEY_UIApplicationSupportsIndirectInputEvents = YES;
				INFOPLIST_KEY_UILaunchStoryboardName = LaunchScreen;
				INFOPLIST_KEY_UIMainStoryboardFile = Main;
				INFOPLIST_KEY_UISupportedInterfaceOrientations_iPad = "UIInterfaceOrientationPortrait UIInterfaceOrientationPortraitUpsideDown UIInterfaceOrientationLandscapeLeft UIInterfaceOrientationLandscapeRight";
				INFOPLIST_KEY_UISupportedInterfaceOrientations_iPhone = "UIInterfaceOrientationPortrait UIInterfaceOrientationLandscapeLeft UIInterfaceOrientationLandscapeRight";
				LD_RUNPATH_SEARCH_PATHS = (
					"$(inherited)",
					"@executable_path/Frameworks",
				);
				MARKETING_VERSION = 1.0;
				PRODUCT_BUNDLE_IDENTIFIER = ncancay.Trader;
				PRODUCT_NAME = "$(TARGET_NAME)";
				SWIFT_EMIT_LOC_STRINGS = YES;
				SWIFT_VERSION = 5.0;
				TARGETED_DEVICE_FAMILY = "1,2";
			};
			name = Release;
		};
/* End XCBuildConfiguration section */

/* Begin XCConfigurationList section */
		62778E7D2AB4E885008C55A0 /* Build configuration list for PBXProject "Trader" */ = {
			isa = XCConfigurationList;
			buildConfigurations = (
				62778E942AB4E886008C55A0 /* Debug */,
				62778E952AB4E886008C55A0 /* Release */,
			);
			defaultConfigurationIsVisible = 0;
			defaultConfigurationName = Release;
		};
		62778E962AB4E886008C55A0 /* Build configuration list for PBXNativeTarget "Trader" */ = {
			isa = XCConfigurationList;
			buildConfigurations = (
				62778E972AB4E886008C55A0 /* Debug */,
				62778E982AB4E886008C55A0 /* Release */,
			);
			defaultConfigurationIsVisible = 0;
			defaultConfigurationName = Release;
		};
/* End XCConfigurationList section */
	};
	rootObject = 62778E7A2AB4E885008C55A0 /* Project object */;
}
